// !$*UTF8*$!
{
	archiveVersion = 1;
	classes = {
	};
	objectVersion = 56;
	objects = {

/* Begin PBXBuildFile section */
		3E856D5D2B1830E1009614EA /* todo_list_firebaseApp.swift in Sources */ = {isa = PBXBuildFile; fileRef = 3E856D5C2B1830E1009614EA /* todo_list_firebaseApp.swift */; };
		3E856D5F2B1830E1009614EA /* ContentView.swift in Sources */ = {isa = PBXBuildFile; fileRef = 3E856D5E2B1830E1009614EA /* ContentView.swift */; };
		3E856D612B1830E3009614EA /* Assets.xcassets in Resources */ = {isa = PBXBuildFile; fileRef = 3E856D602B1830E3009614EA /* Assets.xcassets */; };
		3E856D642B1830E3009614EA /* Preview Assets.xcassets in Resources */ = {isa = PBXBuildFile; fileRef = 3E856D632B1830E3009614EA /* Preview Assets.xcassets */; };
		3E856D6C2B1831FA009614EA /* FirebaseAuth in Frameworks */ = {isa = PBXBuildFile; productRef = 3E856D6B2B1831FA009614EA /* FirebaseAuth */; };
		3E856D6E2B1831FA009614EA /* FirebaseFirestore in Frameworks */ = {isa = PBXBuildFile; productRef = 3E856D6D2B1831FA009614EA /* FirebaseFirestore */; };
		3E856D702B1831FA009614EA /* FirebaseFirestoreSwift in Frameworks */ = {isa = PBXBuildFile; productRef = 3E856D6F2B1831FA009614EA /* FirebaseFirestoreSwift */; };
		3E856D722B18332F009614EA /* GoogleService-Info.plist in Resources */ = {isa = PBXBuildFile; fileRef = 3E856D712B18332F009614EA /* GoogleService-Info.plist */; };
		3E856D742B18337A009614EA /* AuthManager.swift in Sources */ = {isa = PBXBuildFile; fileRef = 3E856D732B18337A009614EA /* AuthManager.swift */; };
		3E856D762B183509009614EA /* AuthView.swift in Sources */ = {isa = PBXBuildFile; fileRef = 3E856D752B183509009614EA /* AuthView.swift */; };
		3E856D792B1836D0009614EA /* SignUpWithEmailView.swift in Sources */ = {isa = PBXBuildFile; fileRef = 3E856D782B1836D0009614EA /* SignUpWithEmailView.swift */; };
		3E856D7B2B1849FC009614EA /* MainView.swift in Sources */ = {isa = PBXBuildFile; fileRef = 3E856D7A2B1849FC009614EA /* MainView.swift */; };
		3E856D7D2B185821009614EA /* LoginEmailView.swift in Sources */ = {isa = PBXBuildFile; fileRef = 3E856D7C2B185821009614EA /* LoginEmailView.swift */; };
/* End PBXBuildFile section */

/* Begin PBXFileReference section */
		3E856D592B1830E1009614EA /* todo-list-firebase.app */ = {isa = PBXFileReference; explicitFileType = wrapper.application; includeInIndex = 0; path = "todo-list-firebase.app"; sourceTree = BUILT_PRODUCTS_DIR; };
		3E856D5C2B1830E1009614EA /* todo_list_firebaseApp.swift */ = {isa = PBXFileReference; lastKnownFileType = sourcecode.swift; path = todo_list_firebaseApp.swift; sourceTree = "<group>"; };
		3E856D5E2B1830E1009614EA /* ContentView.swift */ = {isa = PBXFileReference; lastKnownFileType = sourcecode.swift; path = ContentView.swift; sourceTree = "<group>"; };
		3E856D602B1830E3009614EA /* Assets.xcassets */ = {isa = PBXFileReference; lastKnownFileType = folder.assetcatalog; path = Assets.xcassets; sourceTree = "<group>"; };
		3E856D632B1830E3009614EA /* Preview Assets.xcassets */ = {isa = PBXFileReference; lastKnownFileType = folder.assetcatalog; path = "Preview Assets.xcassets"; sourceTree = "<group>"; };
		3E856D712B18332F009614EA /* GoogleService-Info.plist */ = {isa = PBXFileReference; fileEncoding = 4; lastKnownFileType = text.plist.xml; path = "GoogleService-Info.plist"; sourceTree = "<group>"; };
		3E856D732B18337A009614EA /* AuthManager.swift */ = {isa = PBXFileReference; lastKnownFileType = sourcecode.swift; path = AuthManager.swift; sourceTree = "<group>"; };
		3E856D752B183509009614EA /* AuthView.swift */ = {isa = PBXFileReference; lastKnownFileType = sourcecode.swift; path = AuthView.swift; sourceTree = "<group>"; };
		3E856D782B1836D0009614EA /* SignUpWithEmailView.swift */ = {isa = PBXFileReference; lastKnownFileType = sourcecode.swift; path = SignUpWithEmailView.swift; sourceTree = "<group>"; };
		3E856D7A2B1849FC009614EA /* MainView.swift */ = {isa = PBXFileReference; lastKnownFileType = sourcecode.swift; path = MainView.swift; sourceTree = "<group>"; };
		3E856D7C2B185821009614EA /* LoginEmailView.swift */ = {isa = PBXFileReference; lastKnownFileType = sourcecode.swift; path = LoginEmailView.swift; sourceTree = "<group>"; };
/* End PBXFileReference section */

/* Begin PBXFrameworksBuildPhase section */
		3E856D562B1830E1009614EA /* Frameworks */ = {
			isa = PBXFrameworksBuildPhase;
			buildActionMask = 2147483647;
			files = (
				3E856D6C2B1831FA009614EA /* FirebaseAuth in Frameworks */,
				3E856D6E2B1831FA009614EA /* FirebaseFirestore in Frameworks */,
				3E856D702B1831FA009614EA /* FirebaseFirestoreSwift in Frameworks */,
			);
			runOnlyForDeploymentPostprocessing = 0;
		};
/* End PBXFrameworksBuildPhase section */

/* Begin PBXGroup section */
		3E856D502B1830E1009614EA = {
			isa = PBXGroup;
			children = (
				3E856D5B2B1830E1009614EA /* todo-list-firebase */,
				3E856D5A2B1830E1009614EA /* Products */,
			);
			sourceTree = "<group>";
		};
		3E856D5A2B1830E1009614EA /* Products */ = {
			isa = PBXGroup;
			children = (
				3E856D592B1830E1009614EA /* todo-list-firebase.app */,
			);
			name = Products;
			sourceTree = "<group>";
		};
		3E856D5B2B1830E1009614EA /* todo-list-firebase */ = {
			isa = PBXGroup;
			children = (
				3E856D772B1836BF009614EA /* Views */,
				3E856D5C2B1830E1009614EA /* todo_list_firebaseApp.swift */,
				3E856D5E2B1830E1009614EA /* ContentView.swift */,
				3E856D732B18337A009614EA /* AuthManager.swift */,
				3E856D712B18332F009614EA /* GoogleService-Info.plist */,
				3E856D602B1830E3009614EA /* Assets.xcassets */,
				3E856D622B1830E3009614EA /* Preview Content */,
			);
			path = "todo-list-firebase";
			sourceTree = "<group>";
		};
		3E856D622B1830E3009614EA /* Preview Content */ = {
			isa = PBXGroup;
			children = (
				3E856D632B1830E3009614EA /* Preview Assets.xcassets */,
			);
			path = "Preview Content";
			sourceTree = "<group>";
		};
		3E856D772B1836BF009614EA /* Views */ = {
			isa = PBXGroup;
			children = (
				3E856D782B1836D0009614EA /* SignUpWithEmailView.swift */,
				3E856D752B183509009614EA /* AuthView.swift */,
				3E856D7A2B1849FC009614EA /* MainView.swift */,
				3E856D7C2B185821009614EA /* LoginEmailView.swift */,
			);
			path = Views;
			sourceTree = "<group>";
		};
/* End PBXGroup section */

/* Begin PBXNativeTarget section */
		3E856D582B1830E1009614EA /* todo-list-firebase */ = {
			isa = PBXNativeTarget;
			buildConfigurationList = 3E856D672B1830E3009614EA /* Build configuration list for PBXNativeTarget "todo-list-firebase" */;
			buildPhases = (
				3E856D552B1830E1009614EA /* Sources */,
				3E856D562B1830E1009614EA /* Frameworks */,
				3E856D572B1830E1009614EA /* Resources */,
			);
			buildRules = (
			);
			dependencies = (
			);
			name = "todo-list-firebase";
			packageProductDependencies = (
				3E856D6B2B1831FA009614EA /* FirebaseAuth */,
				3E856D6D2B1831FA009614EA /* FirebaseFirestore */,
				3E856D6F2B1831FA009614EA /* FirebaseFirestoreSwift */,
			);
			productName = "todo-list-firebase";
			productReference = 3E856D592B1830E1009614EA /* todo-list-firebase.app */;
			productType = "com.apple.product-type.application";
		};
/* End PBXNativeTarget section */

/* Begin PBXProject section */
		3E856D512B1830E1009614EA /* Project object */ = {
			isa = PBXProject;
			attributes = {
				BuildIndependentTargetsInParallel = 1;
				LastSwiftUpdateCheck = 1430;
				LastUpgradeCheck = 1430;
				TargetAttributes = {
					3E856D582B1830E1009614EA = {
						CreatedOnToolsVersion = 14.3;
					};
				};
			};
			buildConfigurationList = 3E856D542B1830E1009614EA /* Build configuration list for PBXProject "todo-list-firebase" */;
			compatibilityVersion = "Xcode 14.0";
			developmentRegion = en;
			hasScannedForEncodings = 0;
			knownRegions = (
				en,
				Base,
			);
			mainGroup = 3E856D502B1830E1009614EA;
			packageReferences = (
				3E856D6A2B1831F9009614EA /* XCRemoteSwiftPackageReference "firebase-ios-sdk" */,
			);
			productRefGroup = 3E856D5A2B1830E1009614EA /* Products */;
			projectDirPath = "";
			projectRoot = "";
			targets = (
				3E856D582B1830E1009614EA /* todo-list-firebase */,
			);
		};
/* End PBXProject section */

/* Begin PBXResourcesBuildPhase section */
		3E856D572B1830E1009614EA /* Resources */ = {
			isa = PBXResourcesBuildPhase;
			buildActionMask = 2147483647;
			files = (
				3E856D642B1830E3009614EA /* Preview Assets.xcassets in Resources */,
				3E856D612B1830E3009614EA /* Assets.xcassets in Resources */,
				3E856D722B18332F009614EA /* GoogleService-Info.plist in Resources */,
			);
			runOnlyForDeploymentPostprocessing = 0;
		};
/* End PBXResourcesBuildPhase section */

/* Begin PBXSourcesBuildPhase section */
		3E856D552B1830E1009614EA /* Sources */ = {
			isa = PBXSourcesBuildPhase;
			buildActionMask = 2147483647;
			files = (
				3E856D5F2B1830E1009614EA /* ContentView.swift in Sources */,
				3E856D7B2B1849FC009614EA /* MainView.swift in Sources */,
				3E856D7D2B185821009614EA /* LoginEmailView.swift in Sources */,
				3E856D742B18337A009614EA /* AuthManager.swift in Sources */,
				3E856D792B1836D0009614EA /* SignUpWithEmailView.swift in Sources */,
				3E856D762B183509009614EA /* AuthView.swift in Sources */,
				3E856D5D2B1830E1009614EA /* todo_list_firebaseApp.swift in Sources */,
			);
			runOnlyForDeploymentPostprocessing = 0;
		};
/* End PBXSourcesBuildPhase section */

/* Begin XCBuildConfiguration section */
		3E856D652B1830E3009614EA /* Debug */ = {
			isa = XCBuildConfiguration;
			buildSettings = {
				ALWAYS_SEARCH_USER_PATHS = NO;
				CLANG_ANALYZER_NONNULL = YES;
				CLANG_ANALYZER_NUMBER_OBJECT_CONVERSION = YES_AGGRESSIVE;
				CLANG_CXX_LANGUAGE_STANDARD = "gnu++20";
				CLANG_ENABLE_MODULES = YES;
				CLANG_ENABLE_OBJC_ARC = YES;
				CLANG_ENABLE_OBJC_WEAK = YES;
				CLANG_WARN_BLOCK_CAPTURE_AUTORELEASING = YES;
				CLANG_WARN_BOOL_CONVERSION = YES;
				CLANG_WARN_COMMA = YES;
				CLANG_WARN_CONSTANT_CONVERSION = YES;
				CLANG_WARN_DEPRECATED_OBJC_IMPLEMENTATIONS = YES;
				CLANG_WARN_DIRECT_OBJC_ISA_USAGE = YES_ERROR;
				CLANG_WARN_DOCUMENTATION_COMMENTS = YES;
				CLANG_WARN_EMPTY_BODY = YES;
				CLANG_WARN_ENUM_CONVERSION = YES;
				CLANG_WARN_INFINITE_RECURSION = YES;
				CLANG_WARN_INT_CONVERSION = YES;
				CLANG_WARN_NON_LITERAL_NULL_CONVERSION = YES;
				CLANG_WARN_OBJC_IMPLICIT_RETAIN_SELF = YES;
				CLANG_WARN_OBJC_LITERAL_CONVERSION = YES;
				CLANG_WARN_OBJC_ROOT_CLASS = YES_ERROR;
				CLANG_WARN_QUOTED_INCLUDE_IN_FRAMEWORK_HEADER = YES;
				CLANG_WARN_RANGE_LOOP_ANALYSIS = YES;
				CLANG_WARN_STRICT_PROTOTYPES = YES;
				CLANG_WARN_SUSPICIOUS_MOVE = YES;
				CLANG_WARN_UNGUARDED_AVAILABILITY = YES_AGGRESSIVE;
				CLANG_WARN_UNREACHABLE_CODE = YES;
				CLANG_WARN__DUPLICATE_METHOD_MATCH = YES;
				COPY_PHASE_STRIP = NO;
				DEBUG_INFORMATION_FORMAT = dwarf;
				ENABLE_STRICT_OBJC_MSGSEND = YES;
				ENABLE_TESTABILITY = YES;
				GCC_C_LANGUAGE_STANDARD = gnu11;
				GCC_DYNAMIC_NO_PIC = NO;
				GCC_NO_COMMON_BLOCKS = YES;
				GCC_OPTIMIZATION_LEVEL = 0;
				GCC_PREPROCESSOR_DEFINITIONS = (
					"DEBUG=1",
					"$(inherited)",
				);
				GCC_WARN_64_TO_32_BIT_CONVERSION = YES;
				GCC_WARN_ABOUT_RETURN_TYPE = YES_ERROR;
				GCC_WARN_UNDECLARED_SELECTOR = YES;
				GCC_WARN_UNINITIALIZED_AUTOS = YES_AGGRESSIVE;
				GCC_WARN_UNUSED_FUNCTION = YES;
				GCC_WARN_UNUSED_VARIABLE = YES;
				IPHONEOS_DEPLOYMENT_TARGET = 16.4;
				MTL_ENABLE_DEBUG_INFO = INCLUDE_SOURCE;
				MTL_FAST_MATH = YES;
				ONLY_ACTIVE_ARCH = YES;
				SDKROOT = iphoneos;
				SWIFT_ACTIVE_COMPILATION_CONDITIONS = DEBUG;
				SWIFT_OPTIMIZATION_LEVEL = "-Onone";
			};
			name = Debug;
		};
		3E856D662B1830E3009614EA /* Release */ = {
			isa = XCBuildConfiguration;
			buildSettings = {
				ALWAYS_SEARCH_USER_PATHS = NO;
				CLANG_ANALYZER_NONNULL = YES;
				CLANG_ANALYZER_NUMBER_OBJECT_CONVERSION = YES_AGGRESSIVE;
				CLANG_CXX_LANGUAGE_STANDARD = "gnu++20";
				CLANG_ENABLE_MODULES = YES;
				CLANG_ENABLE_OBJC_ARC = YES;
				CLANG_ENABLE_OBJC_WEAK = YES;
				CLANG_WARN_BLOCK_CAPTURE_AUTORELEASING = YES;
				CLANG_WARN_BOOL_CONVERSION = YES;
				CLANG_WARN_COMMA = YES;
				CLANG_WARN_CONSTANT_CONVERSION = YES;
				CLANG_WARN_DEPRECATED_OBJC_IMPLEMENTATIONS = YES;
				CLANG_WARN_DIRECT_OBJC_ISA_USAGE = YES_ERROR;
				CLANG_WARN_DOCUMENTATION_COMMENTS = YES;
				CLANG_WARN_EMPTY_BODY = YES;
				CLANG_WARN_ENUM_CONVERSION = YES;
				CLANG_WARN_INFINITE_RECURSION = YES;
				CLANG_WARN_INT_CONVERSION = YES;
				CLANG_WARN_NON_LITERAL_NULL_CONVERSION = YES;
				CLANG_WARN_OBJC_IMPLICIT_RETAIN_SELF = YES;
				CLANG_WARN_OBJC_LITERAL_CONVERSION = YES;
				CLANG_WARN_OBJC_ROOT_CLASS = YES_ERROR;
				CLANG_WARN_QUOTED_INCLUDE_IN_FRAMEWORK_HEADER = YES;
				CLANG_WARN_RANGE_LOOP_ANALYSIS = YES;
				CLANG_WARN_STRICT_PROTOTYPES = YES;
				CLANG_WARN_SUSPICIOUS_MOVE = YES;
				CLANG_WARN_UNGUARDED_AVAILABILITY = YES_AGGRESSIVE;
				CLANG_WARN_UNREACHABLE_CODE = YES;
				CLANG_WARN__DUPLICATE_METHOD_MATCH = YES;
				COPY_PHASE_STRIP = NO;
				DEBUG_INFORMATION_FORMAT = "dwarf-with-dsym";
				ENABLE_NS_ASSERTIONS = NO;
				ENABLE_STRICT_OBJC_MSGSEND = YES;
				GCC_C_LANGUAGE_STANDARD = gnu11;
				GCC_NO_COMMON_BLOCKS = YES;
				GCC_WARN_64_TO_32_BIT_CONVERSION = YES;
				GCC_WARN_ABOUT_RETURN_TYPE = YES_ERROR;
				GCC_WARN_UNDECLARED_SELECTOR = YES;
				GCC_WARN_UNINITIALIZED_AUTOS = YES_AGGRESSIVE;
				GCC_WARN_UNUSED_FUNCTION = YES;
				GCC_WARN_UNUSED_VARIABLE = YES;
				IPHONEOS_DEPLOYMENT_TARGET = 16.4;
				MTL_ENABLE_DEBUG_INFO = NO;
				MTL_FAST_MATH = YES;
				SDKROOT = iphoneos;
				SWIFT_COMPILATION_MODE = wholemodule;
				SWIFT_OPTIMIZATION_LEVEL = "-O";
				VALIDATE_PRODUCT = YES;
			};
			name = Release;
		};
		3E856D682B1830E3009614EA /* Debug */ = {
			isa = XCBuildConfiguration;
			buildSettings = {
				ASSETCATALOG_COMPILER_APPICON_NAME = AppIcon;
				ASSETCATALOG_COMPILER_GLOBAL_ACCENT_COLOR_NAME = AccentColor;
				CODE_SIGN_STYLE = Automatic;
				CURRENT_PROJECT_VERSION = 1;
				DEVELOPMENT_ASSET_PATHS = "\"todo-list-firebase/Preview Content\"";
				DEVELOPMENT_TEAM = KM6L8N2UZF;
				ENABLE_PREVIEWS = YES;
				GENERATE_INFOPLIST_FILE = YES;
				INFOPLIST_KEY_UIApplicationSceneManifest_Generation = YES;
				INFOPLIST_KEY_UIApplicationSupportsIndirectInputEvents = YES;
				INFOPLIST_KEY_UILaunchScreen_Generation = YES;
				INFOPLIST_KEY_UISupportedInterfaceOrientations_iPad = "UIInterfaceOrientationPortrait UIInterfaceOrientationPortraitUpsideDown UIInterfaceOrientationLandscapeLeft UIInterfaceOrientationLandscapeRight";
				INFOPLIST_KEY_UISupportedInterfaceOrientations_iPhone = "UIInterfaceOrientationPortrait UIInterfaceOrientationLandscapeLeft UIInterfaceOrientationLandscapeRight";
				LD_RUNPATH_SEARCH_PATHS = (
					"$(inherited)",
					"@executable_path/Frameworks",
				);
				MARKETING_VERSION = 1.0;
				PRODUCT_BUNDLE_IDENTIFIER = "example.com.todo-list-firebase";
				PRODUCT_NAME = "$(TARGET_NAME)";
				SWIFT_EMIT_LOC_STRINGS = YES;
				SWIFT_VERSION = 5.0;
				TARGETED_DEVICE_FAMILY = "1,2";
			};
			name = Debug;
		};
		3E856D692B1830E3009614EA /* Release */ = {
			isa = XCBuildConfiguration;
			buildSettings = {
				ASSETCATALOG_COMPILER_APPICON_NAME = AppIcon;
				ASSETCATALOG_COMPILER_GLOBAL_ACCENT_COLOR_NAME = AccentColor;
				CODE_SIGN_STYLE = Automatic;
				CURRENT_PROJECT_VERSION = 1;
				DEVELOPMENT_ASSET_PATHS = "\"todo-list-firebase/Preview Content\"";
				DEVELOPMENT_TEAM = KM6L8N2UZF;
				ENABLE_PREVIEWS = YES;
				GENERATE_INFOPLIST_FILE = YES;
				INFOPLIST_KEY_UIApplicationSceneManifest_Generation = YES;
				INFOPLIST_KEY_UIApplicationSupportsIndirectInputEvents = YES;
				INFOPLIST_KEY_UILaunchScreen_Generation = YES;
				INFOPLIST_KEY_UISupportedInterfaceOrientations_iPad = "UIInterfaceOrientationPortrait UIInterfaceOrientationPortraitUpsideDown UIInterfaceOrientationLandscapeLeft UIInterfaceOrientationLandscapeRight";
				INFOPLIST_KEY_UISupportedInterfaceOrientations_iPhone = "UIInterfaceOrientationPortrait UIInterfaceOrientationLandscapeLeft UIInterfaceOrientationLandscapeRight";
				LD_RUNPATH_SEARCH_PATHS = (
					"$(inherited)",
					"@executable_path/Frameworks",
				);
				MARKETING_VERSION = 1.0;
				PRODUCT_BUNDLE_IDENTIFIER = "example.com.todo-list-firebase";
				PRODUCT_NAME = "$(TARGET_NAME)";
				SWIFT_EMIT_LOC_STRINGS = YES;
				SWIFT_VERSION = 5.0;
				TARGETED_DEVICE_FAMILY = "1,2";
			};
			name = Release;
		};
/* End XCBuildConfiguration section */

/* Begin XCConfigurationList section */
		3E856D542B1830E1009614EA /* Build configuration list for PBXProject "todo-list-firebase" */ = {
			isa = XCConfigurationList;
			buildConfigurations = (
				3E856D652B1830E3009614EA /* Debug */,
				3E856D662B1830E3009614EA /* Release */,
			);
			defaultConfigurationIsVisible = 0;
			defaultConfigurationName = Release;
		};
		3E856D672B1830E3009614EA /* Build configuration list for PBXNativeTarget "todo-list-firebase" */ = {
			isa = XCConfigurationList;
			buildConfigurations = (
				3E856D682B1830E3009614EA /* Debug */,
				3E856D692B1830E3009614EA /* Release */,
			);
			defaultConfigurationIsVisible = 0;
			defaultConfigurationName = Release;
		};
/* End XCConfigurationList section */

/* Begin XCRemoteSwiftPackageReference section */
		3E856D6A2B1831F9009614EA /* XCRemoteSwiftPackageReference "firebase-ios-sdk" */ = {
			isa = XCRemoteSwiftPackageReference;
			repositoryURL = "https://github.com/firebase/firebase-ios-sdk";
			requirement = {
				kind = upToNextMajorVersion;
				minimumVersion = 10.0.0;
			};
		};
/* End XCRemoteSwiftPackageReference section */

/* Begin XCSwiftPackageProductDependency section */
		3E856D6B2B1831FA009614EA /* FirebaseAuth */ = {
			isa = XCSwiftPackageProductDependency;
			package = 3E856D6A2B1831F9009614EA /* XCRemoteSwiftPackageReference "firebase-ios-sdk" */;
			productName = FirebaseAuth;
		};
		3E856D6D2B1831FA009614EA /* FirebaseFirestore */ = {
			isa = XCSwiftPackageProductDependency;
			package = 3E856D6A2B1831F9009614EA /* XCRemoteSwiftPackageReference "firebase-ios-sdk" */;
			productName = FirebaseFirestore;
		};
		3E856D6F2B1831FA009614EA /* FirebaseFirestoreSwift */ = {
			isa = XCSwiftPackageProductDependency;
			package = 3E856D6A2B1831F9009614EA /* XCRemoteSwiftPackageReference "firebase-ios-sdk" */;
			productName = FirebaseFirestoreSwift;
		};
/* End XCSwiftPackageProductDependency section */
	};
	rootObject = 3E856D512B1830E1009614EA /* Project object */;
}
